
Microsoft Visual Studio Solution File, Format Version 12.00
# Visual Studio Version 17
VisualStudioVersion = 17.2.32516.85
MinimumVisualStudioVersion = 10.0.40219.1
Project("{FAE04EC0-301F-11D3-BF4B-00C04F79EFBC}") = "COMP2084Lab1", "COMP2084Lab1\COMP2084Lab1.csproj", "{83BB696D-2C92-41AE-A107-6B63F866A88E}"
EndProject
Global
	GlobalSection(SolutionConfigurationPlatforms) = preSolution
		Debug|Any CPU = Debug|Any CPU
		Release|Any CPU = Release|Any CPU
	EndGlobalSection
	GlobalSection(ProjectConfigurationPlatforms) = postSolution
		{83BB696D-2C92-41AE-A107-6B63F866A88E}.Debug|Any CPU.ActiveCfg = Debug|Any CPU
		{83BB696D-2C92-41AE-A107-6B63F866A88E}.Debug|Any CPU.Build.0 = Debug|Any CPU
		{83BB696D-2C92-41AE-A107-6B63F866A88E}.Release|Any CPU.ActiveCfg = Release|Any CPU
		{83BB696D-2C92-41AE-A107-6B63F866A88E}.Release|Any CPU.Build.0 = Release|Any CPU
	EndGlobalSection
	GlobalSection(SolutionProperties) = preSolution
		HideSolutionNode = FALSE
	EndGlobalSection
	GlobalSection(ExtensibilityGlobals) = postSolution
		SolutionGuid = {6C07ACC9-D6A3-4E32-930A-448BA88CF5BC}
	EndGlobalSection
EndGlobal
